// !$*UTF8*$!
{
	archiveVersion = 1;
	classes = {
	};
	objectVersion = 56;
	objects = {

/* Begin PBXBuildFile section */
		5A953FB52A342F8200C6DDF9 /* ActivityDataSource.swift in Sources */ = {isa = PBXBuildFile; fileRef = 5A953FB42A342F8200C6DDF9 /* ActivityDataSource.swift */; };
		5F05AF8D2A34C27F00AA3F1D /* Users.swift in Sources */ = {isa = PBXBuildFile; fileRef = 5F05AF8C2A34C27F00AA3F1D /* Users.swift */; };
		5F67831C2A2A0C4000ED5964 /* G02_TourismApp.swift in Sources */ = {isa = PBXBuildFile; fileRef = 5F67831B2A2A0C4000ED5964 /* G02_TourismApp.swift */; };
		5F67831E2A2A0C4000ED5964 /* ContentView.swift in Sources */ = {isa = PBXBuildFile; fileRef = 5F67831D2A2A0C4000ED5964 /* ContentView.swift */; };
		5F6783202A2A0C4100ED5964 /* Assets.xcassets in Resources */ = {isa = PBXBuildFile; fileRef = 5F67831F2A2A0C4100ED5964 /* Assets.xcassets */; };
		5F6783232A2A0C4100ED5964 /* Preview Assets.xcassets in Resources */ = {isa = PBXBuildFile; fileRef = 5F6783222A2A0C4100ED5964 /* Preview Assets.xcassets */; };
		5F67832A2A2A0C9F00ED5964 /* LoginView.swift in Sources */ = {isa = PBXBuildFile; fileRef = 5F6783292A2A0C9F00ED5964 /* LoginView.swift */; };
		5F67832C2A2A0D1E00ED5964 /* User.swift in Sources */ = {isa = PBXBuildFile; fileRef = 5F67832B2A2A0D1E00ED5964 /* User.swift */; };
		5F67832E2A2A113200ED5964 /* ActivitiesView.swift in Sources */ = {isa = PBXBuildFile; fileRef = 5F67832D2A2A113200ED5964 /* ActivitiesView.swift */; };
		5F6783302A2A11DD00ED5964 /* Activity.swift in Sources */ = {isa = PBXBuildFile; fileRef = 5F67832F2A2A11DD00ED5964 /* Activity.swift */; };
		5F6783322A2A129E00ED5964 /* ActivityDetailsView.swift in Sources */ = {isa = PBXBuildFile; fileRef = 5F6783312A2A129E00ED5964 /* ActivityDetailsView.swift */; };
		5F6783342A2A14EA00ED5964 /* FavoritesListView.swift in Sources */ = {isa = PBXBuildFile; fileRef = 5F6783332A2A14EA00ED5964 /* FavoritesListView.swift */; };
		5FCC961E2A36477700369C85 /* PurchaseView.swift in Sources */ = {isa = PBXBuildFile; fileRef = 5FCC961D2A36477700369C85 /* PurchaseView.swift */; };
		5FCC96202A366F4800369C85 /* Ticket.swift in Sources */ = {isa = PBXBuildFile; fileRef = 5FCC961F2A366F4800369C85 /* Ticket.swift */; };
		5FCC96222A36723C00369C85 /* PurchaseListView.swift in Sources */ = {isa = PBXBuildFile; fileRef = 5FCC96212A36723C00369C85 /* PurchaseListView.swift */; };
/* End PBXBuildFile section */

/* Begin PBXFileReference section */
		5A953FB42A342F8200C6DDF9 /* ActivityDataSource.swift */ = {isa = PBXFileReference; lastKnownFileType = sourcecode.swift; path = ActivityDataSource.swift; sourceTree = "<group>"; };
		5F05AF8C2A34C27F00AA3F1D /* Users.swift */ = {isa = PBXFileReference; lastKnownFileType = sourcecode.swift; path = Users.swift; sourceTree = "<group>"; };
		5F6783182A2A0C4000ED5964 /* G02_Tourism.app */ = {isa = PBXFileReference; explicitFileType = wrapper.application; includeInIndex = 0; path = G02_Tourism.app; sourceTree = BUILT_PRODUCTS_DIR; };
		5F67831B2A2A0C4000ED5964 /* G02_TourismApp.swift */ = {isa = PBXFileReference; lastKnownFileType = sourcecode.swift; path = G02_TourismApp.swift; sourceTree = "<group>"; };
		5F67831D2A2A0C4000ED5964 /* ContentView.swift */ = {isa = PBXFileReference; lastKnownFileType = sourcecode.swift; path = ContentView.swift; sourceTree = "<group>"; };
		5F67831F2A2A0C4100ED5964 /* Assets.xcassets */ = {isa = PBXFileReference; lastKnownFileType = folder.assetcatalog; path = Assets.xcassets; sourceTree = "<group>"; };
		5F6783222A2A0C4100ED5964 /* Preview Assets.xcassets */ = {isa = PBXFileReference; lastKnownFileType = folder.assetcatalog; path = "Preview Assets.xcassets"; sourceTree = "<group>"; };
		5F6783292A2A0C9F00ED5964 /* LoginView.swift */ = {isa = PBXFileReference; lastKnownFileType = sourcecode.swift; path = LoginView.swift; sourceTree = "<group>"; };
		5F67832B2A2A0D1E00ED5964 /* User.swift */ = {isa = PBXFileReference; lastKnownFileType = sourcecode.swift; path = User.swift; sourceTree = "<group>"; };
		5F67832D2A2A113200ED5964 /* ActivitiesView.swift */ = {isa = PBXFileReference; lastKnownFileType = sourcecode.swift; path = ActivitiesView.swift; sourceTree = "<group>"; };
		5F67832F2A2A11DD00ED5964 /* Activity.swift */ = {isa = PBXFileReference; lastKnownFileType = sourcecode.swift; path = Activity.swift; sourceTree = "<group>"; };
		5F6783312A2A129E00ED5964 /* ActivityDetailsView.swift */ = {isa = PBXFileReference; lastKnownFileType = sourcecode.swift; path = ActivityDetailsView.swift; sourceTree = "<group>"; };
		5F6783332A2A14EA00ED5964 /* FavoritesListView.swift */ = {isa = PBXFileReference; lastKnownFileType = sourcecode.swift; path = FavoritesListView.swift; sourceTree = "<group>"; };
		5FCC961D2A36477700369C85 /* PurchaseView.swift */ = {isa = PBXFileReference; lastKnownFileType = sourcecode.swift; path = PurchaseView.swift; sourceTree = "<group>"; };
		5FCC961F2A366F4800369C85 /* Ticket.swift */ = {isa = PBXFileReference; lastKnownFileType = sourcecode.swift; path = Ticket.swift; sourceTree = "<group>"; };
		5FCC96212A36723C00369C85 /* PurchaseListView.swift */ = {isa = PBXFileReference; lastKnownFileType = sourcecode.swift; path = PurchaseListView.swift; sourceTree = "<group>"; };
/* End PBXFileReference section */

/* Begin PBXFrameworksBuildPhase section */
		5F6783152A2A0C4000ED5964 /* Frameworks */ = {
			isa = PBXFrameworksBuildPhase;
			buildActionMask = 2147483647;
			files = (
			);
			runOnlyForDeploymentPostprocessing = 0;
		};
/* End PBXFrameworksBuildPhase section */

/* Begin PBXGroup section */
		5A953FB32A342F6000C6DDF9 /* Controller */ = {
			isa = PBXGroup;
			children = (
				5F05AF8C2A34C27F00AA3F1D /* Users.swift */,
			);
			path = Controller;
			sourceTree = "<group>";
		};
		5F67830F2A2A0C4000ED5964 = {
			isa = PBXGroup;
			children = (
				5F67831A2A2A0C4000ED5964 /* G02_Tourism */,
				5F6783192A2A0C4000ED5964 /* Products */,
			);
			sourceTree = "<group>";
		};
		5F6783192A2A0C4000ED5964 /* Products */ = {
			isa = PBXGroup;
			children = (
				5F6783182A2A0C4000ED5964 /* G02_Tourism.app */,
			);
			name = Products;
			sourceTree = "<group>";
		};
		5F67831A2A2A0C4000ED5964 /* G02_Tourism */ = {
			isa = PBXGroup;
			children = (
				5A953FB32A342F6000C6DDF9 /* Controller */,
				5FC856E02A318C1300D1B910 /* Views */,
				5FC856DF2A318BEC00D1B910 /* Model */,
				5F67831B2A2A0C4000ED5964 /* G02_TourismApp.swift */,
				5FCC968E2A3B54C800369C85 /* DataSource */,
				5F67831F2A2A0C4100ED5964 /* Assets.xcassets */,
				5F6783212A2A0C4100ED5964 /* Preview Content */,
			);
			path = G02_Tourism;
			sourceTree = "<group>";
		};
		5F6783212A2A0C4100ED5964 /* Preview Content */ = {
			isa = PBXGroup;
			children = (
				5F6783222A2A0C4100ED5964 /* Preview Assets.xcassets */,
			);
			path = "Preview Content";
			sourceTree = "<group>";
		};
		5FC856DF2A318BEC00D1B910 /* Model */ = {
			isa = PBXGroup;
			children = (
				5F67832B2A2A0D1E00ED5964 /* User.swift */,
				5F67832F2A2A11DD00ED5964 /* Activity.swift */,
				5FCC961F2A366F4800369C85 /* Ticket.swift */,
			);
			path = Model;
			sourceTree = "<group>";
		};
		5FC856E02A318C1300D1B910 /* Views */ = {
			isa = PBXGroup;
			children = (
				5F67831D2A2A0C4000ED5964 /* ContentView.swift */,
				5F6783292A2A0C9F00ED5964 /* LoginView.swift */,
				5FCC96212A36723C00369C85 /* PurchaseListView.swift */,
				5F67832D2A2A113200ED5964 /* ActivitiesView.swift */,
				5FCC961D2A36477700369C85 /* PurchaseView.swift */,
				5F6783312A2A129E00ED5964 /* ActivityDetailsView.swift */,
				5F6783332A2A14EA00ED5964 /* FavoritesListView.swift */,
			);
			path = Views;
			sourceTree = "<group>";
		};
		5FCC968E2A3B54C800369C85 /* DataSource */ = {
			isa = PBXGroup;
			children = (
				5A953FB42A342F8200C6DDF9 /* ActivityDataSource.swift */,
			);
			path = DataSource;
			sourceTree = "<group>";
		};
/* End PBXGroup section */

/* Begin PBXNativeTarget section */
		5F6783172A2A0C4000ED5964 /* G02_Tourism */ = {
			isa = PBXNativeTarget;
			buildConfigurationList = 5F6783262A2A0C4100ED5964 /* Build configuration list for PBXNativeTarget "G02_Tourism" */;
			buildPhases = (
				5F6783142A2A0C4000ED5964 /* Sources */,
				5F6783152A2A0C4000ED5964 /* Frameworks */,
				5F6783162A2A0C4000ED5964 /* Resources */,
			);
			buildRules = (
			);
			dependencies = (
			);
			name = G02_Tourism;
			productName = G02_Tourism;
			productReference = 5F6783182A2A0C4000ED5964 /* G02_Tourism.app */;
			productType = "com.apple.product-type.application";
		};
/* End PBXNativeTarget section */

/* Begin PBXProject section */
		5F6783102A2A0C4000ED5964 /* Project object */ = {
			isa = PBXProject;
			attributes = {
				BuildIndependentTargetsInParallel = 1;
				LastSwiftUpdateCheck = 1430;
				LastUpgradeCheck = 1430;
				TargetAttributes = {
					5F6783172A2A0C4000ED5964 = {
						CreatedOnToolsVersion = 14.3;
					};
				};
			};
			buildConfigurationList = 5F6783132A2A0C4000ED5964 /* Build configuration list for PBXProject "G02_Tourism" */;
			compatibilityVersion = "Xcode 14.0";
			developmentRegion = en;
			hasScannedForEncodings = 0;
			knownRegions = (
				en,
				Base,
			);
			mainGroup = 5F67830F2A2A0C4000ED5964;
			productRefGroup = 5F6783192A2A0C4000ED5964 /* Products */;
			projectDirPath = "";
			projectRoot = "";
			targets = (
				5F6783172A2A0C4000ED5964 /* G02_Tourism */,
			);
		};
/* End PBXProject section */

/* Begin PBXResourcesBuildPhase section */
		5F6783162A2A0C4000ED5964 /* Resources */ = {
			isa = PBXResourcesBuildPhase;
			buildActionMask = 2147483647;
			files = (
				5F6783232A2A0C4100ED5964 /* Preview Assets.xcassets in Resources */,
				5F6783202A2A0C4100ED5964 /* Assets.xcassets in Resources */,
			);
			runOnlyForDeploymentPostprocessing = 0;
		};
/* End PBXResourcesBuildPhase section */

/* Begin PBXSourcesBuildPhase section */
		5F6783142A2A0C4000ED5964 /* Sources */ = {
			isa = PBXSourcesBuildPhase;
			buildActionMask = 2147483647;
			files = (
				5FCC961E2A36477700369C85 /* PurchaseView.swift in Sources */,
				5F6783302A2A11DD00ED5964 /* Activity.swift in Sources */,
				5F67832C2A2A0D1E00ED5964 /* User.swift in Sources */,
				5F67832A2A2A0C9F00ED5964 /* LoginView.swift in Sources */,
				5A953FB52A342F8200C6DDF9 /* ActivityDataSource.swift in Sources */,
				5F67831E2A2A0C4000ED5964 /* ContentView.swift in Sources */,
				5F6783342A2A14EA00ED5964 /* FavoritesListView.swift in Sources */,
				5F6783322A2A129E00ED5964 /* ActivityDetailsView.swift in Sources */,
				5FCC96202A366F4800369C85 /* Ticket.swift in Sources */,
				5F67832E2A2A113200ED5964 /* ActivitiesView.swift in Sources */,
				5FCC96222A36723C00369C85 /* PurchaseListView.swift in Sources */,
				5F67831C2A2A0C4000ED5964 /* G02_TourismApp.swift in Sources */,
				5F05AF8D2A34C27F00AA3F1D /* Users.swift in Sources */,
			);
			runOnlyForDeploymentPostprocessing = 0;
		};
/* End PBXSourcesBuildPhase section */

/* Begin XCBuildConfiguration section */
		5F6783242A2A0C4100ED5964 /* Debug */ = {
			isa = XCBuildConfiguration;
			buildSettings = {
				ALWAYS_SEARCH_USER_PATHS = NO;
				CLANG_ANALYZER_NONNULL = YES;
				CLANG_ANALYZER_NUMBER_OBJECT_CONVERSION = YES_AGGRESSIVE;
				CLANG_CXX_LANGUAGE_STANDARD = "gnu++20";
				CLANG_ENABLE_MODULES = YES;
				CLANG_ENABLE_OBJC_ARC = YES;
				CLANG_ENABLE_OBJC_WEAK = YES;
				CLANG_WARN_BLOCK_CAPTURE_AUTORELEASING = YES;
				CLANG_WARN_BOOL_CONVERSION = YES;
				CLANG_WARN_COMMA = YES;
				CLANG_WARN_CONSTANT_CONVERSION = YES;
				CLANG_WARN_DEPRECATED_OBJC_IMPLEMENTATIONS = YES;
				CLANG_WARN_DIRECT_OBJC_ISA_USAGE = YES_ERROR;
				CLANG_WARN_DOCUMENTATION_COMMENTS = YES;
				CLANG_WARN_EMPTY_BODY = YES;
				CLANG_WARN_ENUM_CONVERSION = YES;
				CLANG_WARN_INFINITE_RECURSION = YES;
				CLANG_WARN_INT_CONVERSION = YES;
				CLANG_WARN_NON_LITERAL_NULL_CONVERSION = YES;
				CLANG_WARN_OBJC_IMPLICIT_RETAIN_SELF = YES;
				CLANG_WARN_OBJC_LITERAL_CONVERSION = YES;
				CLANG_WARN_OBJC_ROOT_CLASS = YES_ERROR;
				CLANG_WARN_QUOTED_INCLUDE_IN_FRAMEWORK_HEADER = YES;
				CLANG_WARN_RANGE_LOOP_ANALYSIS = YES;
				CLANG_WARN_STRICT_PROTOTYPES = YES;
				CLANG_WARN_SUSPICIOUS_MOVE = YES;
				CLANG_WARN_UNGUARDED_AVAILABILITY = YES_AGGRESSIVE;
				CLANG_WARN_UNREACHABLE_CODE = YES;
				CLANG_WARN__DUPLICATE_METHOD_MATCH = YES;
				COPY_PHASE_STRIP = NO;
				DEBUG_INFORMATION_FORMAT = dwarf;
				ENABLE_STRICT_OBJC_MSGSEND = YES;
				ENABLE_TESTABILITY = YES;
				GCC_C_LANGUAGE_STANDARD = gnu11;
				GCC_DYNAMIC_NO_PIC = NO;
				GCC_NO_COMMON_BLOCKS = YES;
				GCC_OPTIMIZATION_LEVEL = 0;
				GCC_PREPROCESSOR_DEFINITIONS = (
					"DEBUG=1",
					"$(inherited)",
				);
				GCC_WARN_64_TO_32_BIT_CONVERSION = YES;
				GCC_WARN_ABOUT_RETURN_TYPE = YES_ERROR;
				GCC_WARN_UNDECLARED_SELECTOR = YES;
				GCC_WARN_UNINITIALIZED_AUTOS = YES_AGGRESSIVE;
				GCC_WARN_UNUSED_FUNCTION = YES;
				GCC_WARN_UNUSED_VARIABLE = YES;
				IPHONEOS_DEPLOYMENT_TARGET = 16.4;
				MTL_ENABLE_DEBUG_INFO = INCLUDE_SOURCE;
				MTL_FAST_MATH = YES;
				ONLY_ACTIVE_ARCH = YES;
				SDKROOT = iphoneos;
				SWIFT_ACTIVE_COMPILATION_CONDITIONS = DEBUG;
				SWIFT_OPTIMIZATION_LEVEL = "-Onone";
			};
			name = Debug;
		};
		5F6783252A2A0C4100ED5964 /* Release */ = {
			isa = XCBuildConfiguration;
			buildSettings = {
				ALWAYS_SEARCH_USER_PATHS = NO;
				CLANG_ANALYZER_NONNULL = YES;
				CLANG_ANALYZER_NUMBER_OBJECT_CONVERSION = YES_AGGRESSIVE;
				CLANG_CXX_LANGUAGE_STANDARD = "gnu++20";
				CLANG_ENABLE_MODULES = YES;
				CLANG_ENABLE_OBJC_ARC = YES;
				CLANG_ENABLE_OBJC_WEAK = YES;
				CLANG_WARN_BLOCK_CAPTURE_AUTORELEASING = YES;
				CLANG_WARN_BOOL_CONVERSION = YES;
				CLANG_WARN_COMMA = YES;
				CLANG_WARN_CONSTANT_CONVERSION = YES;
				CLANG_WARN_DEPRECATED_OBJC_IMPLEMENTATIONS = YES;
				CLANG_WARN_DIRECT_OBJC_ISA_USAGE = YES_ERROR;
				CLANG_WARN_DOCUMENTATION_COMMENTS = YES;
				CLANG_WARN_EMPTY_BODY = YES;
				CLANG_WARN_ENUM_CONVERSION = YES;
				CLANG_WARN_INFINITE_RECURSION = YES;
				CLANG_WARN_INT_CONVERSION = YES;
				CLANG_WARN_NON_LITERAL_NULL_CONVERSION = YES;
				CLANG_WARN_OBJC_IMPLICIT_RETAIN_SELF = YES;
				CLANG_WARN_OBJC_LITERAL_CONVERSION = YES;
				CLANG_WARN_OBJC_ROOT_CLASS = YES_ERROR;
				CLANG_WARN_QUOTED_INCLUDE_IN_FRAMEWORK_HEADER = YES;
				CLANG_WARN_RANGE_LOOP_ANALYSIS = YES;
				CLANG_WARN_STRICT_PROTOTYPES = YES;
				CLANG_WARN_SUSPICIOUS_MOVE = YES;
				CLANG_WARN_UNGUARDED_AVAILABILITY = YES_AGGRESSIVE;
				CLANG_WARN_UNREACHABLE_CODE = YES;
				CLANG_WARN__DUPLICATE_METHOD_MATCH = YES;
				COPY_PHASE_STRIP = NO;
				DEBUG_INFORMATION_FORMAT = "dwarf-with-dsym";
				ENABLE_NS_ASSERTIONS = NO;
				ENABLE_STRICT_OBJC_MSGSEND = YES;
				GCC_C_LANGUAGE_STANDARD = gnu11;
				GCC_NO_COMMON_BLOCKS = YES;
				GCC_WARN_64_TO_32_BIT_CONVERSION = YES;
				GCC_WARN_ABOUT_RETURN_TYPE = YES_ERROR;
				GCC_WARN_UNDECLARED_SELECTOR = YES;
				GCC_WARN_UNINITIALIZED_AUTOS = YES_AGGRESSIVE;
				GCC_WARN_UNUSED_FUNCTION = YES;
				GCC_WARN_UNUSED_VARIABLE = YES;
				IPHONEOS_DEPLOYMENT_TARGET = 16.4;
				MTL_ENABLE_DEBUG_INFO = NO;
				MTL_FAST_MATH = YES;
				SDKROOT = iphoneos;
				SWIFT_COMPILATION_MODE = wholemodule;
				SWIFT_OPTIMIZATION_LEVEL = "-O";
				VALIDATE_PRODUCT = YES;
			};
			name = Release;
		};
		5F6783272A2A0C4100ED5964 /* Debug */ = {
			isa = XCBuildConfiguration;
			buildSettings = {
				ASSETCATALOG_COMPILER_APPICON_NAME = AppIcon;
				ASSETCATALOG_COMPILER_GLOBAL_ACCENT_COLOR_NAME = AccentColor;
				CODE_SIGN_STYLE = Automatic;
				CURRENT_PROJECT_VERSION = 1;
				DEVELOPMENT_ASSET_PATHS = "\"G02_Tourism/Preview Content\"";
				ENABLE_PREVIEWS = YES;
				GENERATE_INFOPLIST_FILE = YES;
				INFOPLIST_KEY_UIApplicationSceneManifest_Generation = YES;
				INFOPLIST_KEY_UIApplicationSupportsIndirectInputEvents = YES;
				INFOPLIST_KEY_UILaunchScreen_Generation = YES;
				INFOPLIST_KEY_UISupportedInterfaceOrientations_iPad = "UIInterfaceOrientationPortrait UIInterfaceOrientationPortraitUpsideDown UIInterfaceOrientationLandscapeLeft UIInterfaceOrientationLandscapeRight";
				INFOPLIST_KEY_UISupportedInterfaceOrientations_iPhone = "UIInterfaceOrientationPortrait UIInterfaceOrientationLandscapeLeft UIInterfaceOrientationLandscapeRight";
				LD_RUNPATH_SEARCH_PATHS = (
					"$(inherited)",
					"@executable_path/Frameworks",
				);
				MARKETING_VERSION = 1.0;
				PRODUCT_BUNDLE_IDENTIFIER = "ca.golnaz.G02-Tourism";
				PRODUCT_NAME = "$(TARGET_NAME)";
				SWIFT_EMIT_LOC_STRINGS = YES;
				SWIFT_VERSION = 5.0;
				TARGETED_DEVICE_FAMILY = "1,2";
			};
			name = Debug;
		};
		5F6783282A2A0C4100ED5964 /* Release */ = {
			isa = XCBuildConfiguration;
			buildSettings = {
				ASSETCATALOG_COMPILER_APPICON_NAME = AppIcon;
				ASSETCATALOG_COMPILER_GLOBAL_ACCENT_COLOR_NAME = AccentColor;
				CODE_SIGN_STYLE = Automatic;
				CURRENT_PROJECT_VERSION = 1;
				DEVELOPMENT_ASSET_PATHS = "\"G02_Tourism/Preview Content\"";
				ENABLE_PREVIEWS = YES;
				GENERATE_INFOPLIST_FILE = YES;
				INFOPLIST_KEY_UIApplicationSceneManifest_Generation = YES;
				INFOPLIST_KEY_UIApplicationSupportsIndirectInputEvents = YES;
				INFOPLIST_KEY_UILaunchScreen_Generation = YES;
				INFOPLIST_KEY_UISupportedInterfaceOrientations_iPad = "UIInterfaceOrientationPortrait UIInterfaceOrientationPortraitUpsideDown UIInterfaceOrientationLandscapeLeft UIInterfaceOrientationLandscapeRight";
				INFOPLIST_KEY_UISupportedInterfaceOrientations_iPhone = "UIInterfaceOrientationPortrait UIInterfaceOrientationLandscapeLeft UIInterfaceOrientationLandscapeRight";
				LD_RUNPATH_SEARCH_PATHS = (
					"$(inherited)",
					"@executable_path/Frameworks",
				);
				MARKETING_VERSION = 1.0;
				PRODUCT_BUNDLE_IDENTIFIER = "ca.golnaz.G02-Tourism";
				PRODUCT_NAME = "$(TARGET_NAME)";
				SWIFT_EMIT_LOC_STRINGS = YES;
				SWIFT_VERSION = 5.0;
				TARGETED_DEVICE_FAMILY = "1,2";
			};
			name = Release;
		};
/* End XCBuildConfiguration section */

/* Begin XCConfigurationList section */
		5F6783132A2A0C4000ED5964 /* Build configuration list for PBXProject "G02_Tourism" */ = {
			isa = XCConfigurationList;
			buildConfigurations = (
				5F6783242A2A0C4100ED5964 /* Debug */,
				5F6783252A2A0C4100ED5964 /* Release */,
			);
			defaultConfigurationIsVisible = 0;
			defaultConfigurationName = Release;
		};
		5F6783262A2A0C4100ED5964 /* Build configuration list for PBXNativeTarget "G02_Tourism" */ = {
			isa = XCConfigurationList;
			buildConfigurations = (
				5F6783272A2A0C4100ED5964 /* Debug */,
				5F6783282A2A0C4100ED5964 /* Release */,
			);
			defaultConfigurationIsVisible = 0;
			defaultConfigurationName = Release;
		};
/* End XCConfigurationList section */
	};
	rootObject = 5F6783102A2A0C4000ED5964 /* Project object */;
}
